Microsoft Visual Studio Solution File, Format Version 12.00
# Visual Studio Version 17
VisualStudioVersion = 17.5.2.0
MinimumVisualStudioVersion = 10.0.40219.1
Project("{FAE04EC0-301F-11D3-BF4B-00C04F79EFBC}") = "IPManagement.API", "IPManagement.API\IPManagement.API.csproj", "{C708AB0B-347C-9FCE-1A82-D5667962842B}"
EndProject
Global
	GlobalSection(SolutionConfigurationPlatforms) = preSolution
		Debug|Any CPU = Debug|Any CPU
		Release|Any CPU = Release|Any CPU
	EndGlobalSection
	GlobalSection(ProjectConfigurationPlatforms) = postSolution
		{C708AB0B-347C-9FCE-1A82-D5667962842B}.Debug|Any CPU.ActiveCfg = Debug|Any CPU
		{C708AB0B-347C-9FCE-1A82-D5667962842B}.Debug|Any CPU.Build.0 = Debug|Any CPU
		{C708AB0B-347C-9FCE-1A82-D5667962842B}.Release|Any CPU.ActiveCfg = Release|Any CPU
		{C708AB0B-347C-9FCE-1A82-D5667962842B}.Release|Any CPU.Build.0 = Release|Any CPU
	EndGlobalSection
	GlobalSection(SolutionProperties) = preSolution
		HideSolutionNode = FALSE
	EndGlobalSection
	GlobalSection(ExtensibilityGlobals) = postSolution
		SolutionGuid = {0FA7F4D4-B249-45DE-BB89-E408F7B26CB8}
	EndGlobalSection
EndGlobal
